// !$*UTF8*$!
{
	archiveVersion = 1;
	classes = {
	};
	objectVersion = 46;
	objects = {

/* Begin PBXBuildFile section */
		457A89BF146ED14F00CE8897 /* libzbar.a in Frameworks */ = {isa = PBXBuildFile; fileRef = 457A89B9146ED14F00CE8897 /* libzbar.a */; };
		457A89C0146ED14F00CE8897 /* zbar-back.png in Resources */ = {isa = PBXBuildFile; fileRef = 457A89BB146ED14F00CE8897 /* zbar-back.png */; };
		457A89C1146ED14F00CE8897 /* zbar-help.html in Resources */ = {isa = PBXBuildFile; fileRef = 457A89BC146ED14F00CE8897 /* zbar-help.html */; };
		457A89C2146ED14F00CE8897 /* zbar-helpicons.png in Resources */ = {isa = PBXBuildFile; fileRef = 457A89BD146ED14F00CE8897 /* zbar-helpicons.png */; };
		457A89C3146ED14F00CE8897 /* zbar-samples.png in Resources */ = {isa = PBXBuildFile; fileRef = 457A89BE146ED14F00CE8897 /* zbar-samples.png */; };
		CFA1EA3B146EC3D20091E69E /* UIKit.framework in Frameworks */ = {isa = PBXBuildFile; fileRef = CFA1EA3A146EC3D20091E69E /* UIKit.framework */; };
		CFA1EA3D146EC3D20091E69E /* Foundation.framework in Frameworks */ = {isa = PBXBuildFile; fileRef = CFA1EA3C146EC3D20091E69E /* Foundation.framework */; };
		CFA1EA3F146EC3D20091E69E /* CoreGraphics.framework in Frameworks */ = {isa = PBXBuildFile; fileRef = CFA1EA3E146EC3D20091E69E /* CoreGraphics.framework */; };
		CFA1EA45146EC3D20091E69E /* InfoPlist.strings in Resources */ = {isa = PBXBuildFile; fileRef = CFA1EA43146EC3D20091E69E /* InfoPlist.strings */; };
		CFA1EA47146EC3D20091E69E /* main.m in Sources */ = {isa = PBXBuildFile; fileRef = CFA1EA46146EC3D20091E69E /* main.m */; };
		CFA1EA4B146EC3D20091E69E /* ZBarTestAppDelegate.m in Sources */ = {isa = PBXBuildFile; fileRef = CFA1EA4A146EC3D20091E69E /* ZBarTestAppDelegate.m */; };
		CFA1EA4E146EC3D20091E69E /* ZBarTestViewController.m in Sources */ = {isa = PBXBuildFile; fileRef = CFA1EA4D146EC3D20091E69E /* ZBarTestViewController.m */; };
		CFA1EA51146EC3D20091E69E /* ZBarTestViewController.xib in Resources */ = {isa = PBXBuildFile; fileRef = CFA1EA4F146EC3D20091E69E /* ZBarTestViewController.xib */; };
		CFA1EA7B146EC6F10091E69E /* AVFoundation.framework in Frameworks */ = {isa = PBXBuildFile; fileRef = CFA1EA7A146EC6F10091E69E /* AVFoundation.framework */; };
		CFA1EA7D146EC6FD0091E69E /* CoreMedia.framework in Frameworks */ = {isa = PBXBuildFile; fileRef = CFA1EA7C146EC6FD0091E69E /* CoreMedia.framework */; };
		CFA1EA7F146EC70A0091E69E /* CoreVideo.framework in Frameworks */ = {isa = PBXBuildFile; fileRef = CFA1EA7E146EC70A0091E69E /* CoreVideo.framework */; };
		CFA1EA81146EC7160091E69E /* QuartzCore.framework in Frameworks */ = {isa = PBXBuildFile; fileRef = CFA1EA80146EC7160091E69E /* QuartzCore.framework */; };
		CFA1EA83146EC7390091E69E /* libiconv.dylib in Frameworks */ = {isa = PBXBuildFile; fileRef = CFA1EA82146EC7390091E69E /* libiconv.dylib */; };
/* End PBXBuildFile section */

/* Begin PBXFileReference section */
		457A89A5146ED14F00CE8897 /* Decoder.h */ = {isa = PBXFileReference; fileEncoding = 4; lastKnownFileType = sourcecode.c.h; path = Decoder.h; sourceTree = "<group>"; };
		457A89A6146ED14F00CE8897 /* Exception.h */ = {isa = PBXFileReference; fileEncoding = 4; lastKnownFileType = sourcecode.c.h; path = Exception.h; sourceTree = "<group>"; };
		457A89A7146ED14F00CE8897 /* Image.h */ = {isa = PBXFileReference; fileEncoding = 4; lastKnownFileType = sourcecode.c.h; path = Image.h; sourceTree = "<group>"; };
		457A89A8146ED14F00CE8897 /* ImageScanner.h */ = {isa = PBXFileReference; fileEncoding = 4; lastKnownFileType = sourcecode.c.h; path = ImageScanner.h; sourceTree = "<group>"; };
		457A89A9146ED14F00CE8897 /* Processor.h */ = {isa = PBXFileReference; fileEncoding = 4; lastKnownFileType = sourcecode.c.h; path = Processor.h; sourceTree = "<group>"; };
		457A89AA146ED14F00CE8897 /* Scanner.h */ = {isa = PBXFileReference; fileEncoding = 4; lastKnownFileType = sourcecode.c.h; path = Scanner.h; sourceTree = "<group>"; };
		457A89AB146ED14F00CE8897 /* Symbol.h */ = {isa = PBXFileReference; fileEncoding = 4; lastKnownFileType = sourcecode.c.h; path = Symbol.h; sourceTree = "<group>"; };
		457A89AC146ED14F00CE8897 /* Video.h */ = {isa = PBXFileReference; fileEncoding = 4; lastKnownFileType = sourcecode.c.h; path = Video.h; sourceTree = "<group>"; };
		457A89AD146ED14F00CE8897 /* Window.h */ = {isa = PBXFileReference; fileEncoding = 4; lastKnownFileType = sourcecode.c.h; path = Window.h; sourceTree = "<group>"; };
		457A89AE146ED14F00CE8897 /* zbar.h */ = {isa = PBXFileReference; fileEncoding = 4; lastKnownFileType = sourcecode.c.h; path = zbar.h; sourceTree = "<group>"; };
		457A89AF146ED14F00CE8897 /* ZBarCameraSimulator.h */ = {isa = PBXFileReference; fileEncoding = 4; lastKnownFileType = sourcecode.c.h; path = ZBarCameraSimulator.h; sourceTree = "<group>"; };
		457A89B0146ED14F00CE8897 /* ZBarCaptureReader.h */ = {isa = PBXFileReference; fileEncoding = 4; lastKnownFileType = sourcecode.c.h; path = ZBarCaptureReader.h; sourceTree = "<group>"; };
		457A89B1146ED14F00CE8897 /* ZBarHelpController.h */ = {isa = PBXFileReference; fileEncoding = 4; lastKnownFileType = sourcecode.c.h; path = ZBarHelpController.h; sourceTree = "<group>"; };
		457A89B2146ED14F00CE8897 /* ZBarImage.h */ = {isa = PBXFileReference; fileEncoding = 4; lastKnownFileType = sourcecode.c.h; path = ZBarImage.h; sourceTree = "<group>"; };
		457A89B3146ED14F00CE8897 /* ZBarImageScanner.h */ = {isa = PBXFileReference; fileEncoding = 4; lastKnownFileType = sourcecode.c.h; path = ZBarImageScanner.h; sourceTree = "<group>"; };
		457A89B4146ED14F00CE8897 /* ZBarReaderController.h */ = {isa = PBXFileReference; fileEncoding = 4; lastKnownFileType = sourcecode.c.h; path = ZBarReaderController.h; sourceTree = "<group>"; };
		457A89B5146ED14F00CE8897 /* ZBarReaderView.h */ = {isa = PBXFileReference; fileEncoding = 4; lastKnownFileType = sourcecode.c.h; path = ZBarReaderView.h; sourceTree = "<group>"; };
		457A89B6146ED14F00CE8897 /* ZBarReaderViewController.h */ = {isa = PBXFileReference; fileEncoding = 4; lastKnownFileType = sourcecode.c.h; path = ZBarReaderViewController.h; sourceTree = "<group>"; };
		457A89B7146ED14F00CE8897 /* ZBarSDK.h */ = {isa = PBXFileReference; fileEncoding = 4; lastKnownFileType = sourcecode.c.h; path = ZBarSDK.h; sourceTree = "<group>"; };
		457A89B8146ED14F00CE8897 /* ZBarSymbol.h */ = {isa = PBXFileReference; fileEncoding = 4; lastKnownFileType = sourcecode.c.h; path = ZBarSymbol.h; sourceTree = "<group>"; };
		457A89B9146ED14F00CE8897 /* libzbar.a */ = {isa = PBXFileReference; lastKnownFileType = archive.ar; path = libzbar.a; sourceTree = "<group>"; };
		457A89BB146ED14F00CE8897 /* zbar-back.png */ = {isa = PBXFileReference; lastKnownFileType = image.png; path = "zbar-back.png"; sourceTree = "<group>"; };
		457A89BC146ED14F00CE8897 /* zbar-help.html */ = {isa = PBXFileReference; fileEncoding = 4; lastKnownFileType = text.html; path = "zbar-help.html"; sourceTree = "<group>"; };
		457A89BD146ED14F00CE8897 /* zbar-helpicons.png */ = {isa = PBXFileReference; lastKnownFileType = image.png; path = "zbar-helpicons.png"; sourceTree = "<group>"; };
		457A89BE146ED14F00CE8897 /* zbar-samples.png */ = {isa = PBXFileReference; lastKnownFileType = image.png; path = "zbar-samples.png"; sourceTree = "<group>"; };
		CFA1EA36146EC3D20091E69E /* ZBarTest.app */ = {isa = PBXFileReference; explicitFileType = wrapper.application; includeInIndex = 0; path = ZBarTest.app; sourceTree = BUILT_PRODUCTS_DIR; };
		CFA1EA3A146EC3D20091E69E /* UIKit.framework */ = {isa = PBXFileReference; lastKnownFileType = wrapper.framework; name = UIKit.framework; path = System/Library/Frameworks/UIKit.framework; sourceTree = SDKROOT; };
		CFA1EA3C146EC3D20091E69E /* Foundation.framework */ = {isa = PBXFileReference; lastKnownFileType = wrapper.framework; name = Foundation.framework; path = System/Library/Frameworks/Foundation.framework; sourceTree = SDKROOT; };
		CFA1EA3E146EC3D20091E69E /* CoreGraphics.framework */ = {isa = PBXFileReference; lastKnownFileType = wrapper.framework; name = CoreGraphics.framework; path = System/Library/Frameworks/CoreGraphics.framework; sourceTree = SDKROOT; };
		CFA1EA42146EC3D20091E69E /* ZBarTest-Info.plist */ = {isa = PBXFileReference; lastKnownFileType = text.plist.xml; path = "ZBarTest-Info.plist"; sourceTree = "<group>"; };
		CFA1EA44146EC3D20091E69E /* en */ = {isa = PBXFileReference; lastKnownFileType = text.plist.strings; name = en; path = en.lproj/InfoPlist.strings; sourceTree = "<group>"; };
		CFA1EA46146EC3D20091E69E /* main.m */ = {isa = PBXFileReference; lastKnownFileType = sourcecode.c.objc; path = main.m; sourceTree = "<group>"; };
		CFA1EA48146EC3D20091E69E /* ZBarTest-Prefix.pch */ = {isa = PBXFileReference; lastKnownFileType = sourcecode.c.h; path = "ZBarTest-Prefix.pch"; sourceTree = "<group>"; };
		CFA1EA49146EC3D20091E69E /* ZBarTestAppDelegate.h */ = {isa = PBXFileReference; lastKnownFileType = sourcecode.c.h; path = ZBarTestAppDelegate.h; sourceTree = "<group>"; };
		CFA1EA4A146EC3D20091E69E /* ZBarTestAppDelegate.m */ = {isa = PBXFileReference; lastKnownFileType = sourcecode.c.objc; path = ZBarTestAppDelegate.m; sourceTree = "<group>"; };
		CFA1EA4C146EC3D20091E69E /* ZBarTestViewController.h */ = {isa = PBXFileReference; lastKnownFileType = sourcecode.c.h; path = ZBarTestViewController.h; sourceTree = "<group>"; };
		CFA1EA4D146EC3D20091E69E /* ZBarTestViewController.m */ = {isa = PBXFileReference; lastKnownFileType = sourcecode.c.objc; path = ZBarTestViewController.m; sourceTree = "<group>"; };
		CFA1EA50146EC3D20091E69E /* en */ = {isa = PBXFileReference; lastKnownFileType = file.xib; name = en; path = en.lproj/ZBarTestViewController.xib; sourceTree = "<group>"; };
		CFA1EA7A146EC6F10091E69E /* AVFoundation.framework */ = {isa = PBXFileReference; lastKnownFileType = wrapper.framework; name = AVFoundation.framework; path = System/Library/Frameworks/AVFoundation.framework; sourceTree = SDKROOT; };
		CFA1EA7C146EC6FD0091E69E /* CoreMedia.framework */ = {isa = PBXFileReference; lastKnownFileType = wrapper.framework; name = CoreMedia.framework; path = System/Library/Frameworks/CoreMedia.framework; sourceTree = SDKROOT; };
		CFA1EA7E146EC70A0091E69E /* CoreVideo.framework */ = {isa = PBXFileReference; lastKnownFileType = wrapper.framework; name = CoreVideo.framework; path = System/Library/Frameworks/CoreVideo.framework; sourceTree = SDKROOT; };
		CFA1EA80146EC7160091E69E /* QuartzCore.framework */ = {isa = PBXFileReference; lastKnownFileType = wrapper.framework; name = QuartzCore.framework; path = System/Library/Frameworks/QuartzCore.framework; sourceTree = SDKROOT; };
		CFA1EA82146EC7390091E69E /* libiconv.dylib */ = {isa = PBXFileReference; lastKnownFileType = "compiled.mach-o.dylib"; name = libiconv.dylib; path = usr/lib/libiconv.dylib; sourceTree = SDKROOT; };
/* End PBXFileReference section */

/* Begin PBXFrameworksBuildPhase section */
		CFA1EA33146EC3D20091E69E /* Frameworks */ = {
			isa = PBXFrameworksBuildPhase;
			buildActionMask = 2147483647;
			files = (
				CFA1EA83146EC7390091E69E /* libiconv.dylib in Frameworks */,
				CFA1EA81146EC7160091E69E /* QuartzCore.framework in Frameworks */,
				CFA1EA7F146EC70A0091E69E /* CoreVideo.framework in Frameworks */,
				CFA1EA7D146EC6FD0091E69E /* CoreMedia.framework in Frameworks */,
				CFA1EA7B146EC6F10091E69E /* AVFoundation.framework in Frameworks */,
				CFA1EA3B146EC3D20091E69E /* UIKit.framework in Frameworks */,
				CFA1EA3D146EC3D20091E69E /* Foundation.framework in Frameworks */,
				CFA1EA3F146EC3D20091E69E /* CoreGraphics.framework in Frameworks */,
				457A89BF146ED14F00CE8897 /* libzbar.a in Frameworks */,
			);
			runOnlyForDeploymentPostprocessing = 0;
		};
/* End PBXFrameworksBuildPhase section */

/* Begin PBXGroup section */
		457A89A1146ED14F00CE8897 /* ZBarSDK */ = {
			isa = PBXGroup;
			children = (
				457A89A2146ED14F00CE8897 /* Headers */,
				457A89B9146ED14F00CE8897 /* libzbar.a */,
				457A89BA146ED14F00CE8897 /* Resources */,
			);
			path = ZBarSDK;
			sourceTree = "<group>";
		};
		457A89A2146ED14F00CE8897 /* Headers */ = {
			isa = PBXGroup;
			children = (
				457A89A3146ED14F00CE8897 /* ZBarSDK */,
			);
			path = Headers;
			sourceTree = "<group>";
		};
		457A89A3146ED14F00CE8897 /* ZBarSDK */ = {
			isa = PBXGroup;
			children = (
				457A89A4146ED14F00CE8897 /* zbar */,
				457A89AE146ED14F00CE8897 /* zbar.h */,
				457A89AF146ED14F00CE8897 /* ZBarCameraSimulator.h */,
				457A89B0146ED14F00CE8897 /* ZBarCaptureReader.h */,
				457A89B1146ED14F00CE8897 /* ZBarHelpController.h */,
				457A89B2146ED14F00CE8897 /* ZBarImage.h */,
				457A89B3146ED14F00CE8897 /* ZBarImageScanner.h */,
				457A89B4146ED14F00CE8897 /* ZBarReaderController.h */,
				457A89B5146ED14F00CE8897 /* ZBarReaderView.h */,
				457A89B6146ED14F00CE8897 /* ZBarReaderViewController.h */,
				457A89B7146ED14F00CE8897 /* ZBarSDK.h */,
				457A89B8146ED14F00CE8897 /* ZBarSymbol.h */,
			);
			path = ZBarSDK;
			sourceTree = "<group>";
		};
		457A89A4146ED14F00CE8897 /* zbar */ = {
			isa = PBXGroup;
			children = (
				457A89A5146ED14F00CE8897 /* Decoder.h */,
				457A89A6146ED14F00CE8897 /* Exception.h */,
				457A89A7146ED14F00CE8897 /* Image.h */,
				457A89A8146ED14F00CE8897 /* ImageScanner.h */,
				457A89A9146ED14F00CE8897 /* Processor.h */,
				457A89AA146ED14F00CE8897 /* Scanner.h */,
				457A89AB146ED14F00CE8897 /* Symbol.h */,
				457A89AC146ED14F00CE8897 /* Video.h */,
				457A89AD146ED14F00CE8897 /* Window.h */,
			);
			path = zbar;
			sourceTree = "<group>";
		};
		457A89BA146ED14F00CE8897 /* Resources */ = {
			isa = PBXGroup;
			children = (
				457A89BB146ED14F00CE8897 /* zbar-back.png */,
				457A89BC146ED14F00CE8897 /* zbar-help.html */,
				457A89BD146ED14F00CE8897 /* zbar-helpicons.png */,
				457A89BE146ED14F00CE8897 /* zbar-samples.png */,
			);
			path = Resources;
			sourceTree = "<group>";
		};
		CFA1EA2B146EC3D10091E69E = {
			isa = PBXGroup;
			children = (
				457A89A1146ED14F00CE8897 /* ZBarSDK */,
				CFA1EA82146EC7390091E69E /* libiconv.dylib */,
				CFA1EA80146EC7160091E69E /* QuartzCore.framework */,
				CFA1EA7E146EC70A0091E69E /* CoreVideo.framework */,
				CFA1EA7C146EC6FD0091E69E /* CoreMedia.framework */,
				CFA1EA7A146EC6F10091E69E /* AVFoundation.framework */,
				CFA1EA40146EC3D20091E69E /* ZBarTest */,
				CFA1EA39146EC3D20091E69E /* Frameworks */,
				CFA1EA37146EC3D20091E69E /* Products */,
			);
			sourceTree = "<group>";
		};
		CFA1EA37146EC3D20091E69E /* Products */ = {
			isa = PBXGroup;
			children = (
				CFA1EA36146EC3D20091E69E /* ZBarTest.app */,
			);
			name = Products;
			sourceTree = "<group>";
		};
		CFA1EA39146EC3D20091E69E /* Frameworks */ = {
			isa = PBXGroup;
			children = (
				CFA1EA3A146EC3D20091E69E /* UIKit.framework */,
				CFA1EA3C146EC3D20091E69E /* Foundation.framework */,
				CFA1EA3E146EC3D20091E69E /* CoreGraphics.framework */,
			);
			name = Frameworks;
			sourceTree = "<group>";
		};
		CFA1EA40146EC3D20091E69E /* ZBarTest */ = {
			isa = PBXGroup;
			children = (
				CFA1EA49146EC3D20091E69E /* ZBarTestAppDelegate.h */,
				CFA1EA4A146EC3D20091E69E /* ZBarTestAppDelegate.m */,
				CFA1EA4C146EC3D20091E69E /* ZBarTestViewController.h */,
				CFA1EA4D146EC3D20091E69E /* ZBarTestViewController.m */,
				CFA1EA4F146EC3D20091E69E /* ZBarTestViewController.xib */,
				CFA1EA41146EC3D20091E69E /* Supporting Files */,
			);
			path = ZBarTest;
			sourceTree = "<group>";
		};
		CFA1EA41146EC3D20091E69E /* Supporting Files */ = {
			isa = PBXGroup;
			children = (
				CFA1EA42146EC3D20091E69E /* ZBarTest-Info.plist */,
				CFA1EA43146EC3D20091E69E /* InfoPlist.strings */,
				CFA1EA46146EC3D20091E69E /* main.m */,
				CFA1EA48146EC3D20091E69E /* ZBarTest-Prefix.pch */,
			);
			name = "Supporting Files";
			sourceTree = "<group>";
		};
/* End PBXGroup section */

/* Begin PBXNativeTarget section */
		CFA1EA35146EC3D20091E69E /* ZBarTest */ = {
			isa = PBXNativeTarget;
			buildConfigurationList = CFA1EA54146EC3D20091E69E /* Build configuration list for PBXNativeTarget "ZBarTest" */;
			buildPhases = (
				CFA1EA32146EC3D20091E69E /* Sources */,
				CFA1EA33146EC3D20091E69E /* Frameworks */,
				CFA1EA34146EC3D20091E69E /* Resources */,
			);
			buildRules = (
			);
			dependencies = (
			);
			name = ZBarTest;
			productName = ZBarTest;
			productReference = CFA1EA36146EC3D20091E69E /* ZBarTest.app */;
			productType = "com.apple.product-type.application";
		};
/* End PBXNativeTarget section */

/* Begin PBXProject section */
		CFA1EA2D146EC3D10091E69E /* Project object */ = {
			isa = PBXProject;
			attributes = {
				LastUpgradeCheck = 0420;
				ORGANIZATIONNAME = MIT;
			};
			buildConfigurationList = CFA1EA30146EC3D10091E69E /* Build configuration list for PBXProject "ZBarTest" */;
			compatibilityVersion = "Xcode 3.2";
			developmentRegion = English;
			hasScannedForEncodings = 0;
			knownRegions = (
				en,
			);
			mainGroup = CFA1EA2B146EC3D10091E69E;
			productRefGroup = CFA1EA37146EC3D20091E69E /* Products */;
			projectDirPath = "";
			projectRoot = "";
			targets = (
				CFA1EA35146EC3D20091E69E /* ZBarTest */,
			);
		};
/* End PBXProject section */

/* Begin PBXResourcesBuildPhase section */
		CFA1EA34146EC3D20091E69E /* Resources */ = {
			isa = PBXResourcesBuildPhase;
			buildActionMask = 2147483647;
			files = (
				CFA1EA45146EC3D20091E69E /* InfoPlist.strings in Resources */,
				CFA1EA51146EC3D20091E69E /* ZBarTestViewController.xib in Resources */,
				457A89C0146ED14F00CE8897 /* zbar-back.png in Resources */,
				457A89C1146ED14F00CE8897 /* zbar-help.html in Resources */,
				457A89C2146ED14F00CE8897 /* zbar-helpicons.png in Resources */,
				457A89C3146ED14F00CE8897 /* zbar-samples.png in Resources */,
			);
			runOnlyForDeploymentPostprocessing = 0;
		};
/* End PBXResourcesBuildPhase section */

/* Begin PBXSourcesBuildPhase section */
		CFA1EA32146EC3D20091E69E /* Sources */ = {
			isa = PBXSourcesBuildPhase;
			buildActionMask = 2147483647;
			files = (
				CFA1EA47146EC3D20091E69E /* main.m in Sources */,
				CFA1EA4B146EC3D20091E69E /* ZBarTestAppDelegate.m in Sources */,
				CFA1EA4E146EC3D20091E69E /* ZBarTestViewController.m in Sources */,
			);
			runOnlyForDeploymentPostprocessing = 0;
		};
/* End PBXSourcesBuildPhase section */

/* Begin PBXVariantGroup section */
		CFA1EA43146EC3D20091E69E /* InfoPlist.strings */ = {
			isa = PBXVariantGroup;
			children = (
				CFA1EA44146EC3D20091E69E /* en */,
			);
			name = InfoPlist.strings;
			sourceTree = "<group>";
		};
		CFA1EA4F146EC3D20091E69E /* ZBarTestViewController.xib */ = {
			isa = PBXVariantGroup;
			children = (
				CFA1EA50146EC3D20091E69E /* en */,
			);
			name = ZBarTestViewController.xib;
			sourceTree = "<group>";
		};
/* End PBXVariantGroup section */

/* Begin XCBuildConfiguration section */
		CFA1EA52146EC3D20091E69E /* Debug */ = {
			isa = XCBuildConfiguration;
			buildSettings = {
				ALWAYS_SEARCH_USER_PATHS = NO;
				ARCHS = "$(ARCHS_STANDARD_32_BIT)";
				CLANG_ENABLE_OBJC_ARC = YES;
				"CODE_SIGN_IDENTITY[sdk=iphoneos*]" = "iPhone Developer";
				COPY_PHASE_STRIP = NO;
				GCC_C_LANGUAGE_STANDARD = gnu99;
				GCC_DYNAMIC_NO_PIC = NO;
				GCC_OPTIMIZATION_LEVEL = 0;
				GCC_PREPROCESSOR_DEFINITIONS = (
					"DEBUG=1",
					"$(inherited)",
				);
				GCC_SYMBOLS_PRIVATE_EXTERN = NO;
				GCC_VERSION = com.apple.compilers.llvm.clang.1_0;
				GCC_WARN_ABOUT_MISSING_PROTOTYPES = YES;
				GCC_WARN_ABOUT_RETURN_TYPE = YES;
				GCC_WARN_UNUSED_VARIABLE = YES;
				IPHONEOS_DEPLOYMENT_TARGET = 5.0;
				SDKROOT = iphoneos;
			};
			name = Debug;
		};
		CFA1EA53146EC3D20091E69E /* Release */ = {
			isa = XCBuildConfiguration;
			buildSettings = {
				ALWAYS_SEARCH_USER_PATHS = NO;
				ARCHS = "$(ARCHS_STANDARD_32_BIT)";
				CLANG_ENABLE_OBJC_ARC = YES;
				"CODE_SIGN_IDENTITY[sdk=iphoneos*]" = "iPhone Developer";
				COPY_PHASE_STRIP = YES;
				GCC_C_LANGUAGE_STANDARD = gnu99;
				GCC_VERSION = com.apple.compilers.llvm.clang.1_0;
				GCC_WARN_ABOUT_MISSING_PROTOTYPES = YES;
				GCC_WARN_ABOUT_RETURN_TYPE = YES;
				GCC_WARN_UNUSED_VARIABLE = YES;
				IPHONEOS_DEPLOYMENT_TARGET = 5.0;
				OTHER_CFLAGS = "-DNS_BLOCK_ASSERTIONS=1";
				SDKROOT = iphoneos;
				VALIDATE_PRODUCT = YES;
			};
			name = Release;
		};
		CFA1EA55146EC3D20091E69E /* Debug */ = {
			isa = XCBuildConfiguration;
			buildSettings = {
				GCC_PRECOMPILE_PREFIX_HEADER = YES;
				GCC_PREFIX_HEADER = "ZBarTest/ZBarTest-Prefix.pch";
				INFOPLIST_FILE = "ZBarTest/ZBarTest-Info.plist";
				LIBRARY_SEARCH_PATHS = (
					"$(inherited)",
					/Volumes/ZBarSDK/ZBarSDK,
					"\"$(SRCROOT)/ZBarSDK\"",
				);
				PRODUCT_NAME = "$(TARGET_NAME)";
				WRAPPER_EXTENSION = app;
			};
			name = Debug;
		};
		CFA1EA56146EC3D20091E69E /* Release */ = {
			isa = XCBuildConfiguration;
			buildSettings = {
				GCC_PRECOMPILE_PREFIX_HEADER = YES;
				GCC_PREFIX_HEADER = "ZBarTest/ZBarTest-Prefix.pch";
				INFOPLIST_FILE = "ZBarTest/ZBarTest-Info.plist";
				LIBRARY_SEARCH_PATHS = (
					"$(inherited)",
					/Volumes/ZBarSDK/ZBarSDK,
					"\"$(SRCROOT)/ZBarSDK\"",
				);
				PRODUCT_NAME = "$(TARGET_NAME)";
				WRAPPER_EXTENSION = app;
			};
			name = Release;
		};
/* End XCBuildConfiguration section */

/* Begin XCConfigurationList section */
		CFA1EA30146EC3D10091E69E /* Build configuration list for PBXProject "ZBarTest" */ = {
			isa = XCConfigurationList;
			buildConfigurations = (
				CFA1EA52146EC3D20091E69E /* Debug */,
				CFA1EA53146EC3D20091E69E /* Release */,
			);
			defaultConfigurationIsVisible = 0;
			defaultConfigurationName = Release;
		};
		CFA1EA54146EC3D20091E69E /* Build configuration list for PBXNativeTarget "ZBarTest" */ = {
			isa = XCConfigurationList;
			buildConfigurations = (
				CFA1EA55146EC3D20091E69E /* Debug */,
				CFA1EA56146EC3D20091E69E /* Release */,
			);
			defaultConfigurationIsVisible = 0;
			defaultConfigurationName = Release;
		};
/* End XCConfigurationList section */
	};
	rootObject = CFA1EA2D146EC3D10091E69E /* Project object */;
}
